// !$*UTF8*$!
{
	archiveVersion = 1;
	classes = {
	};
	objectVersion = 46;
	objects = {

/* Begin PBXBuildFile section */
		C12BB49F1C10485F002BE68C /* main.m in Sources */ = {isa = PBXBuildFile; fileRef = C12BB49E1C10485F002BE68C /* main.m */; };
		C12BB4D41C108314002BE68C /* UIKit.framework in Frameworks */ = {isa = PBXBuildFile; fileRef = C12BB4D31C108314002BE68C /* UIKit.framework */; };
		C12BB5521C152684002BE68C /* libModule1.a in Frameworks */ = {isa = PBXBuildFile; fileRef = C12BB5511C152684002BE68C /* libModule1.a */; };
		C12BB5921C159400002BE68C /* libMyLib.a in Frameworks */ = {isa = PBXBuildFile; fileRef = C12BB5911C159400002BE68C /* libMyLib.a */; };
		C12BB6261C15EFB2002BE68C /* libConfigue.a in Frameworks */ = {isa = PBXBuildFile; fileRef = C12BB6251C15EFB2002BE68C /* libConfigue.a */; };
		C12BB6521C15FB15002BE68C /* libModule2.a in Frameworks */ = {isa = PBXBuildFile; fileRef = C12BB6511C15FB15002BE68C /* libModule2.a */; };
/* End PBXBuildFile section */

/* Begin PBXFileReference section */
		C12BB49A1C10485F002BE68C /* MyApp.app */ = {isa = PBXFileReference; explicitFileType = wrapper.application; includeInIndex = 0; path = MyApp.app; sourceTree = BUILT_PRODUCTS_DIR; };
		C12BB49E1C10485F002BE68C /* main.m */ = {isa = PBXFileReference; lastKnownFileType = sourcecode.c.objc; path = main.m; sourceTree = "<group>"; };
		C12BB4AE1C104860002BE68C /* Info.plist */ = {isa = PBXFileReference; lastKnownFileType = text.plist.xml; path = Info.plist; sourceTree = "<group>"; };
		C12BB4D31C108314002BE68C /* UIKit.framework */ = {isa = PBXFileReference; lastKnownFileType = wrapper.framework; name = UIKit.framework; path = System/Library/Frameworks/UIKit.framework; sourceTree = SDKROOT; };
		C12BB5511C152684002BE68C /* libModule1.a */ = {isa = PBXFileReference; lastKnownFileType = archive.ar; name = libModule1.a; path = "../Module1/build/Debug-iphoneos/libModule1.a"; sourceTree = "<group>"; };
		C12BB5911C159400002BE68C /* libMyLib.a */ = {isa = PBXFileReference; lastKnownFileType = archive.ar; name = libMyLib.a; path = "../MyLib/build/Debug-iphoneos/libMyLib.a"; sourceTree = "<group>"; };
		C12BB6251C15EFB2002BE68C /* libConfigue.a */ = {isa = PBXFileReference; lastKnownFileType = archive.ar; name = libConfigue.a; path = "../Configue/build/Debug-iphoneos/libConfigue.a"; sourceTree = "<group>"; };
		C12BB6511C15FB15002BE68C /* libModule2.a */ = {isa = PBXFileReference; lastKnownFileType = archive.ar; name = libModule2.a; path = "../Module2/build/Debug-iphoneos/libModule2.a"; sourceTree = "<group>"; };
/* End PBXFileReference section */

/* Begin PBXFrameworksBuildPhase section */
		C12BB4971C10485F002BE68C /* Frameworks */ = {
			isa = PBXFrameworksBuildPhase;
			buildActionMask = 2147483647;
			files = (
				C12BB6521C15FB15002BE68C /* libModule2.a in Frameworks */,
				C12BB6261C15EFB2002BE68C /* libConfigue.a in Frameworks */,
				C12BB5921C159400002BE68C /* libMyLib.a in Frameworks */,
				C12BB5521C152684002BE68C /* libModule1.a in Frameworks */,
				C12BB4D41C108314002BE68C /* UIKit.framework in Frameworks */,
			);
			runOnlyForDeploymentPostprocessing = 0;
		};
/* End PBXFrameworksBuildPhase section */

/* Begin PBXGroup section */
		C12BB4911C10485F002BE68C = {
			isa = PBXGroup;
			children = (
				C12BB6511C15FB15002BE68C /* libModule2.a */,
				C12BB6251C15EFB2002BE68C /* libConfigue.a */,
				C12BB5911C159400002BE68C /* libMyLib.a */,
				C12BB5511C152684002BE68C /* libModule1.a */,
				C12BB4D31C108314002BE68C /* UIKit.framework */,
				C12BB49C1C10485F002BE68C /* MyApp */,
				C12BB49B1C10485F002BE68C /* Products */,
			);
			sourceTree = "<group>";
		};
		C12BB49B1C10485F002BE68C /* Products */ = {
			isa = PBXGroup;
			children = (
				C12BB49A1C10485F002BE68C /* MyApp.app */,
			);
			name = Products;
			sourceTree = "<group>";
		};
		C12BB49C1C10485F002BE68C /* MyApp */ = {
			isa = PBXGroup;
			children = (
				C12BB4AE1C104860002BE68C /* Info.plist */,
				C12BB49D1C10485F002BE68C /* Supporting Files */,
			);
			path = MyApp;
			sourceTree = "<group>";
		};
		C12BB49D1C10485F002BE68C /* Supporting Files */ = {
			isa = PBXGroup;
			children = (
				C12BB49E1C10485F002BE68C /* main.m */,
			);
			name = "Supporting Files";
			sourceTree = "<group>";
		};
/* End PBXGroup section */

/* Begin PBXNativeTarget section */
		C12BB4991C10485F002BE68C /* MyApp */ = {
			isa = PBXNativeTarget;
			buildConfigurationList = C12BB4B11C104860002BE68C /* Build configuration list for PBXNativeTarget "MyApp" */;
			buildPhases = (
				C12BB4961C10485F002BE68C /* Sources */,
				C12BB4971C10485F002BE68C /* Frameworks */,
				C12BB4981C10485F002BE68C /* Resources */,
			);
			buildRules = (
			);
			dependencies = (
			);
			name = MyApp;
			productName = MyApp;
			productReference = C12BB49A1C10485F002BE68C /* MyApp.app */;
			productType = "com.apple.product-type.application";
		};
/* End PBXNativeTarget section */

/* Begin PBXProject section */
		C12BB4921C10485F002BE68C /* Project object */ = {
			isa = PBXProject;
			attributes = {
				LastUpgradeCheck = 0710;
				ORGANIZATIONNAME = baojianqiang;
				TargetAttributes = {
					C12BB4991C10485F002BE68C = {
						CreatedOnToolsVersion = 7.1.1;
					};
				};
			};
			buildConfigurationList = C12BB4951C10485F002BE68C /* Build configuration list for PBXProject "MyApp" */;
			compatibilityVersion = "Xcode 3.2";
			developmentRegion = English;
			hasScannedForEncodings = 0;
			knownRegions = (
				en,
				Base,
			);
			mainGroup = C12BB4911C10485F002BE68C;
			productRefGroup = C12BB49B1C10485F002BE68C /* Products */;
			projectDirPath = "";
			projectRoot = "";
			targets = (
				C12BB4991C10485F002BE68C /* MyApp */,
			);
		};
/* End PBXProject section */

/* Begin PBXResourcesBuildPhase section */
		C12BB4981C10485F002BE68C /* Resources */ = {
			isa = PBXResourcesBuildPhase;
			buildActionMask = 2147483647;
			files = (
			);
			runOnlyForDeploymentPostprocessing = 0;
		};
/* End PBXResourcesBuildPhase section */

/* Begin PBXSourcesBuildPhase section */
		C12BB4961C10485F002BE68C /* Sources */ = {
			isa = PBXSourcesBuildPhase;
			buildActionMask = 2147483647;
			files = (
				C12BB49F1C10485F002BE68C /* main.m in Sources */,
			);
			runOnlyForDeploymentPostprocessing = 0;
		};
/* End PBXSourcesBuildPhase section */

/* Begin XCBuildConfiguration section */
		C12BB4AF1C104860002BE68C /* Debug */ = {
			isa = XCBuildConfiguration;
			buildSettings = {
				ALWAYS_SEARCH_USER_PATHS = NO;
				CLANG_CXX_LANGUAGE_STANDARD = "gnu++0x";
				CLANG_CXX_LIBRARY = "libc++";
				CLANG_ENABLE_MODULES = YES;
				CLANG_ENABLE_OBJC_ARC = YES;
				CLANG_WARN_BOOL_CONVERSION = YES;
				CLANG_WARN_CONSTANT_CONVERSION = YES;
				CLANG_WARN_DIRECT_OBJC_ISA_USAGE = YES_ERROR;
				CLANG_WARN_EMPTY_BODY = YES;
				CLANG_WARN_ENUM_CONVERSION = YES;
				CLANG_WARN_INT_CONVERSION = YES;
				CLANG_WARN_OBJC_ROOT_CLASS = YES_ERROR;
				CLANG_WARN_UNREACHABLE_CODE = YES;
				CLANG_WARN__DUPLICATE_METHOD_MATCH = YES;
				"CODE_SIGN_IDENTITY[sdk=iphoneos*]" = "iPhone Developer";
				COPY_PHASE_STRIP = NO;
				DEBUG_INFORMATION_FORMAT = dwarf;
				ENABLE_STRICT_OBJC_MSGSEND = YES;
				ENABLE_TESTABILITY = YES;
				GCC_C_LANGUAGE_STANDARD = gnu99;
				GCC_DYNAMIC_NO_PIC = NO;
				GCC_NO_COMMON_BLOCKS = YES;
				GCC_OPTIMIZATION_LEVEL = 0;
				GCC_PREPROCESSOR_DEFINITIONS = (
					"DEBUG=1",
					"$(inherited)",
				);
				GCC_WARN_64_TO_32_BIT_CONVERSION = YES;
				GCC_WARN_ABOUT_RETURN_TYPE = YES_ERROR;
				GCC_WARN_UNDECLARED_SELECTOR = YES;
				GCC_WARN_UNINITIALIZED_AUTOS = YES_AGGRESSIVE;
				GCC_WARN_UNUSED_FUNCTION = YES;
				GCC_WARN_UNUSED_VARIABLE = YES;
				IPHONEOS_DEPLOYMENT_TARGET = 9.1;
				MTL_ENABLE_DEBUG_INFO = YES;
				ONLY_ACTIVE_ARCH = YES;
				OTHER_LDFLAGS = "";
				SDKROOT = iphoneos;
				TARGETED_DEVICE_FAMILY = "1,2";
				"USER_HEADER_SEARCH_PATHS[arch=*]" = "../MyLib ../Module1 ../Configue";
			};
			name = Debug;
		};
		C12BB4B01C104860002BE68C /* Release */ = {
			isa = XCBuildConfiguration;
			buildSettings = {
				ALWAYS_SEARCH_USER_PATHS = NO;
				CLANG_CXX_LANGUAGE_STANDARD = "gnu++0x";
				CLANG_CXX_LIBRARY = "libc++";
				CLANG_ENABLE_MODULES = YES;
				CLANG_ENABLE_OBJC_ARC = YES;
				CLANG_WARN_BOOL_CONVERSION = YES;
				CLANG_WARN_CONSTANT_CONVERSION = YES;
				CLANG_WARN_DIRECT_OBJC_ISA_USAGE = YES_ERROR;
				CLANG_WARN_EMPTY_BODY = YES;
				CLANG_WARN_ENUM_CONVERSION = YES;
				CLANG_WARN_INT_CONVERSION = YES;
				CLANG_WARN_OBJC_ROOT_CLASS = YES_ERROR;
				CLANG_WARN_UNREACHABLE_CODE = YES;
				CLANG_WARN__DUPLICATE_METHOD_MATCH = YES;
				"CODE_SIGN_IDENTITY[sdk=iphoneos*]" = "iPhone Developer";
				COPY_PHASE_STRIP = NO;
				DEBUG_INFORMATION_FORMAT = "dwarf-with-dsym";
				ENABLE_NS_ASSERTIONS = NO;
				ENABLE_STRICT_OBJC_MSGSEND = YES;
				GCC_C_LANGUAGE_STANDARD = gnu99;
				GCC_NO_COMMON_BLOCKS = YES;
				GCC_WARN_64_TO_32_BIT_CONVERSION = YES;
				GCC_WARN_ABOUT_RETURN_TYPE = YES_ERROR;
				GCC_WARN_UNDECLARED_SELECTOR = YES;
				GCC_WARN_UNINITIALIZED_AUTOS = YES_AGGRESSIVE;
				GCC_WARN_UNUSED_FUNCTION = YES;
				GCC_WARN_UNUSED_VARIABLE = YES;
				IPHONEOS_DEPLOYMENT_TARGET = 9.1;
				MTL_ENABLE_DEBUG_INFO = NO;
				OTHER_LDFLAGS = "";
				SDKROOT = iphoneos;
				TARGETED_DEVICE_FAMILY = "1,2";
				"USER_HEADER_SEARCH_PATHS[arch=*]" = "../MyLib ../Module1 ../Configue";
				VALIDATE_PRODUCT = YES;
			};
			name = Release;
		};
		C12BB4B21C104860002BE68C /* Debug */ = {
			isa = XCBuildConfiguration;
			buildSettings = {
				ASSETCATALOG_COMPILER_APPICON_NAME = AppIcon;
				INFOPLIST_FILE = MyApp/Info.plist;
				LD_RUNPATH_SEARCH_PATHS = "$(inherited) @executable_path/Frameworks";
				OTHER_LDFLAGS = "-ObjC";
				PRODUCT_BUNDLE_IDENTIFIER = com.jianqiang.baojianqiang.MyApp;
				PRODUCT_NAME = "$(TARGET_NAME)";
				VALID_ARCHS = "arm64 armv7 armv7s x86_64";
			};
			name = Debug;
		};
		C12BB4B31C104860002BE68C /* Release */ = {
			isa = XCBuildConfiguration;
			buildSettings = {
				ASSETCATALOG_COMPILER_APPICON_NAME = AppIcon;
				INFOPLIST_FILE = MyApp/Info.plist;
				LD_RUNPATH_SEARCH_PATHS = "$(inherited) @executable_path/Frameworks";
				OTHER_LDFLAGS = "-ObjC";
				PRODUCT_BUNDLE_IDENTIFIER = com.jianqiang.baojianqiang.MyApp;
				PRODUCT_NAME = "$(TARGET_NAME)";
				VALID_ARCHS = "arm64 armv7 armv7s x86_64";
			};
			name = Release;
		};
/* End XCBuildConfiguration section */

/* Begin XCConfigurationList section */
		C12BB4951C10485F002BE68C /* Build configuration list for PBXProject "MyApp" */ = {
			isa = XCConfigurationList;
			buildConfigurations = (
				C12BB4AF1C104860002BE68C /* Debug */,
				C12BB4B01C104860002BE68C /* Release */,
			);
			defaultConfigurationIsVisible = 0;
			defaultConfigurationName = Release;
		};
		C12BB4B11C104860002BE68C /* Build configuration list for PBXNativeTarget "MyApp" */ = {
			isa = XCConfigurationList;
			buildConfigurations = (
				C12BB4B21C104860002BE68C /* Debug */,
				C12BB4B31C104860002BE68C /* Release */,
			);
			defaultConfigurationIsVisible = 0;
			defaultConfigurationName = Release;
		};
/* End XCConfigurationList section */
	};
	rootObject = C12BB4921C10485F002BE68C /* Project object */;
}
