// !$*UTF8*$!
{
	archiveVersion = 1;
	classes = {
	};
	objectVersion = 46;
	objects = {

/* Begin PBXBuildFile section */
		C18B9D081C183C05000D3459 /* main.m in Sources */ = {isa = PBXBuildFile; fileRef = C18B9D071C183C05000D3459 /* main.m */; };
		C18B9D4C1C18479E000D3459 /* libConfigue.a in Frameworks */ = {isa = PBXBuildFile; fileRef = C18B9D4A1C18479E000D3459 /* libConfigue.a */; };
		C18B9D4D1C18479E000D3459 /* libMyLib.a in Frameworks */ = {isa = PBXBuildFile; fileRef = C18B9D4B1C18479E000D3459 /* libMyLib.a */; };
		C18B9D4E1C1847A3000D3459 /* UIKit.framework in Frameworks */ = {isa = PBXBuildFile; fileRef = C12BB53D1C11A0AF002BE68C /* UIKit.framework */; };
		C18B9D4F1C1849AC000D3459 /* libModule1.a in Frameworks */ = {isa = PBXBuildFile; fileRef = C12BB50C1C119EFC002BE68C /* libModule1.a */; };
		C18B9D531C1849D6000D3459 /* Module1ViewController.m in Sources */ = {isa = PBXBuildFile; fileRef = C18B9D521C1849D6000D3459 /* Module1ViewController.m */; };
/* End PBXBuildFile section */

/* Begin PBXCopyFilesBuildPhase section */
		C12BB50A1C119EFC002BE68C /* CopyFiles */ = {
			isa = PBXCopyFilesBuildPhase;
			buildActionMask = 2147483647;
			dstPath = "include/$(PRODUCT_NAME)";
			dstSubfolderSpec = 16;
			files = (
			);
			runOnlyForDeploymentPostprocessing = 0;
		};
/* End PBXCopyFilesBuildPhase section */

/* Begin PBXFileReference section */
		C12BB50C1C119EFC002BE68C /* libModule1.a */ = {isa = PBXFileReference; explicitFileType = archive.ar; includeInIndex = 0; path = libModule1.a; sourceTree = BUILT_PRODUCTS_DIR; };
		C12BB53D1C11A0AF002BE68C /* UIKit.framework */ = {isa = PBXFileReference; lastKnownFileType = wrapper.framework; name = UIKit.framework; path = System/Library/Frameworks/UIKit.framework; sourceTree = SDKROOT; };
		C18B9D041C183C05000D3459 /* Module1App.app */ = {isa = PBXFileReference; explicitFileType = wrapper.application; includeInIndex = 0; path = Module1App.app; sourceTree = BUILT_PRODUCTS_DIR; };
		C18B9D071C183C05000D3459 /* main.m */ = {isa = PBXFileReference; lastKnownFileType = sourcecode.c.objc; path = main.m; sourceTree = "<group>"; };
		C18B9D171C183C05000D3459 /* Info.plist */ = {isa = PBXFileReference; lastKnownFileType = text.plist.xml; path = Info.plist; sourceTree = "<group>"; };
		C18B9D4A1C18479E000D3459 /* libConfigue.a */ = {isa = PBXFileReference; lastKnownFileType = archive.ar; name = libConfigue.a; path = "../Configue/build/Debug-iphoneos/libConfigue.a"; sourceTree = "<group>"; };
		C18B9D4B1C18479E000D3459 /* libMyLib.a */ = {isa = PBXFileReference; lastKnownFileType = archive.ar; name = libMyLib.a; path = "../MyLib/build/Debug-iphoneos/libMyLib.a"; sourceTree = "<group>"; };
		C18B9D511C1849D6000D3459 /* Module1ViewController.h */ = {isa = PBXFileReference; fileEncoding = 4; lastKnownFileType = sourcecode.c.h; path = Module1ViewController.h; sourceTree = "<group>"; };
		C18B9D521C1849D6000D3459 /* Module1ViewController.m */ = {isa = PBXFileReference; fileEncoding = 4; lastKnownFileType = sourcecode.c.objc; path = Module1ViewController.m; sourceTree = "<group>"; };
		C18B9D551C184C44000D3459 /* Module1PageView.xib */ = {isa = PBXFileReference; fileEncoding = 4; lastKnownFileType = file.xib; path = Module1PageView.xib; sourceTree = "<group>"; };
/* End PBXFileReference section */

/* Begin PBXFrameworksBuildPhase section */
		C12BB5091C119EFC002BE68C /* Frameworks */ = {
			isa = PBXFrameworksBuildPhase;
			buildActionMask = 2147483647;
			files = (
			);
			runOnlyForDeploymentPostprocessing = 0;
		};
		C18B9D011C183C05000D3459 /* Frameworks */ = {
			isa = PBXFrameworksBuildPhase;
			buildActionMask = 2147483647;
			files = (
				C18B9D4F1C1849AC000D3459 /* libModule1.a in Frameworks */,
				C18B9D4E1C1847A3000D3459 /* UIKit.framework in Frameworks */,
				C18B9D4C1C18479E000D3459 /* libConfigue.a in Frameworks */,
				C18B9D4D1C18479E000D3459 /* libMyLib.a in Frameworks */,
			);
			runOnlyForDeploymentPostprocessing = 0;
		};
/* End PBXFrameworksBuildPhase section */

/* Begin PBXGroup section */
		C12BB5031C119EFC002BE68C = {
			isa = PBXGroup;
			children = (
				C18B9D551C184C44000D3459 /* Module1PageView.xib */,
				C18B9D511C1849D6000D3459 /* Module1ViewController.h */,
				C18B9D521C1849D6000D3459 /* Module1ViewController.m */,
				C18B9D4A1C18479E000D3459 /* libConfigue.a */,
				C18B9D4B1C18479E000D3459 /* libMyLib.a */,
				C12BB53D1C11A0AF002BE68C /* UIKit.framework */,
				C18B9D051C183C05000D3459 /* Module1App */,
				C12BB50D1C119EFC002BE68C /* Products */,
			);
			sourceTree = "<group>";
		};
		C12BB50D1C119EFC002BE68C /* Products */ = {
			isa = PBXGroup;
			children = (
				C12BB50C1C119EFC002BE68C /* libModule1.a */,
				C18B9D041C183C05000D3459 /* Module1App.app */,
			);
			name = Products;
			sourceTree = "<group>";
		};
		C18B9D051C183C05000D3459 /* Module1App */ = {
			isa = PBXGroup;
			children = (
				C18B9D171C183C05000D3459 /* Info.plist */,
				C18B9D061C183C05000D3459 /* Supporting Files */,
			);
			path = Module1App;
			sourceTree = "<group>";
		};
		C18B9D061C183C05000D3459 /* Supporting Files */ = {
			isa = PBXGroup;
			children = (
				C18B9D071C183C05000D3459 /* main.m */,
			);
			name = "Supporting Files";
			sourceTree = "<group>";
		};
/* End PBXGroup section */

/* Begin PBXNativeTarget section */
		C12BB50B1C119EFC002BE68C /* Module1 */ = {
			isa = PBXNativeTarget;
			buildConfigurationList = C12BB5151C119EFC002BE68C /* Build configuration list for PBXNativeTarget "Module1" */;
			buildPhases = (
				C12BB5081C119EFC002BE68C /* Sources */,
				C12BB5091C119EFC002BE68C /* Frameworks */,
				C12BB50A1C119EFC002BE68C /* CopyFiles */,
			);
			buildRules = (
			);
			dependencies = (
			);
			name = Module1;
			productName = Module1;
			productReference = C12BB50C1C119EFC002BE68C /* libModule1.a */;
			productType = "com.apple.product-type.library.static";
		};
		C18B9D031C183C05000D3459 /* Module1App */ = {
			isa = PBXNativeTarget;
			buildConfigurationList = C18B9D1A1C183C05000D3459 /* Build configuration list for PBXNativeTarget "Module1App" */;
			buildPhases = (
				C18B9D001C183C05000D3459 /* Sources */,
				C18B9D011C183C05000D3459 /* Frameworks */,
				C18B9D021C183C05000D3459 /* Resources */,
			);
			buildRules = (
			);
			dependencies = (
			);
			name = Module1App;
			productName = Module1App;
			productReference = C18B9D041C183C05000D3459 /* Module1App.app */;
			productType = "com.apple.product-type.application";
		};
/* End PBXNativeTarget section */

/* Begin PBXProject section */
		C12BB5041C119EFC002BE68C /* Project object */ = {
			isa = PBXProject;
			attributes = {
				LastUpgradeCheck = 0710;
				ORGANIZATIONNAME = baojianqiang;
				TargetAttributes = {
					C12BB50B1C119EFC002BE68C = {
						CreatedOnToolsVersion = 7.1.1;
					};
					C18B9D031C183C05000D3459 = {
						CreatedOnToolsVersion = 7.1.1;
					};
				};
			};
			buildConfigurationList = C12BB5071C119EFC002BE68C /* Build configuration list for PBXProject "Module1" */;
			compatibilityVersion = "Xcode 3.2";
			developmentRegion = English;
			hasScannedForEncodings = 0;
			knownRegions = (
				en,
				Base,
			);
			mainGroup = C12BB5031C119EFC002BE68C;
			productRefGroup = C12BB50D1C119EFC002BE68C /* Products */;
			projectDirPath = "";
			projectRoot = "";
			targets = (
				C12BB50B1C119EFC002BE68C /* Module1 */,
				C18B9D031C183C05000D3459 /* Module1App */,
			);
		};
/* End PBXProject section */

/* Begin PBXResourcesBuildPhase section */
		C18B9D021C183C05000D3459 /* Resources */ = {
			isa = PBXResourcesBuildPhase;
			buildActionMask = 2147483647;
			files = (
			);
			runOnlyForDeploymentPostprocessing = 0;
		};
/* End PBXResourcesBuildPhase section */

/* Begin PBXSourcesBuildPhase section */
		C12BB5081C119EFC002BE68C /* Sources */ = {
			isa = PBXSourcesBuildPhase;
			buildActionMask = 2147483647;
			files = (
				C18B9D531C1849D6000D3459 /* Module1ViewController.m in Sources */,
			);
			runOnlyForDeploymentPostprocessing = 0;
		};
		C18B9D001C183C05000D3459 /* Sources */ = {
			isa = PBXSourcesBuildPhase;
			buildActionMask = 2147483647;
			files = (
				C18B9D081C183C05000D3459 /* main.m in Sources */,
			);
			runOnlyForDeploymentPostprocessing = 0;
		};
/* End PBXSourcesBuildPhase section */

/* Begin XCBuildConfiguration section */
		C12BB5131C119EFC002BE68C /* Debug */ = {
			isa = XCBuildConfiguration;
			buildSettings = {
				ALWAYS_SEARCH_USER_PATHS = NO;
				CLANG_CXX_LANGUAGE_STANDARD = "gnu++0x";
				CLANG_CXX_LIBRARY = "libc++";
				CLANG_ENABLE_MODULES = YES;
				CLANG_ENABLE_OBJC_ARC = YES;
				CLANG_WARN_BOOL_CONVERSION = YES;
				CLANG_WARN_CONSTANT_CONVERSION = YES;
				CLANG_WARN_DIRECT_OBJC_ISA_USAGE = YES_ERROR;
				CLANG_WARN_EMPTY_BODY = YES;
				CLANG_WARN_ENUM_CONVERSION = YES;
				CLANG_WARN_INT_CONVERSION = YES;
				CLANG_WARN_OBJC_ROOT_CLASS = YES_ERROR;
				CLANG_WARN_UNREACHABLE_CODE = YES;
				CLANG_WARN__DUPLICATE_METHOD_MATCH = YES;
				"CODE_SIGN_IDENTITY[sdk=iphoneos*]" = "iPhone Developer";
				COPY_PHASE_STRIP = NO;
				DEBUG_INFORMATION_FORMAT = dwarf;
				ENABLE_STRICT_OBJC_MSGSEND = YES;
				ENABLE_TESTABILITY = YES;
				GCC_C_LANGUAGE_STANDARD = gnu99;
				GCC_DYNAMIC_NO_PIC = NO;
				GCC_NO_COMMON_BLOCKS = YES;
				GCC_OPTIMIZATION_LEVEL = 0;
				GCC_PREPROCESSOR_DEFINITIONS = (
					"DEBUG=1",
					"$(inherited)",
				);
				GCC_WARN_64_TO_32_BIT_CONVERSION = YES;
				GCC_WARN_ABOUT_RETURN_TYPE = YES_ERROR;
				GCC_WARN_UNDECLARED_SELECTOR = YES;
				GCC_WARN_UNINITIALIZED_AUTOS = YES_AGGRESSIVE;
				GCC_WARN_UNUSED_FUNCTION = YES;
				GCC_WARN_UNUSED_VARIABLE = YES;
				"HEADER_SEARCH_PATHS[arch=*]" = ../MyLib;
				IPHONEOS_DEPLOYMENT_TARGET = 9.1;
				MTL_ENABLE_DEBUG_INFO = YES;
				ONLY_ACTIVE_ARCH = YES;
				OTHER_LDFLAGS = "-ObjC";
				"OTHER_LDFLAGS[arch=*]" = "-ObjC";
				SDKROOT = iphoneos;
			};
			name = Debug;
		};
		C12BB5141C119EFC002BE68C /* Release */ = {
			isa = XCBuildConfiguration;
			buildSettings = {
				ALWAYS_SEARCH_USER_PATHS = NO;
				CLANG_CXX_LANGUAGE_STANDARD = "gnu++0x";
				CLANG_CXX_LIBRARY = "libc++";
				CLANG_ENABLE_MODULES = YES;
				CLANG_ENABLE_OBJC_ARC = YES;
				CLANG_WARN_BOOL_CONVERSION = YES;
				CLANG_WARN_CONSTANT_CONVERSION = YES;
				CLANG_WARN_DIRECT_OBJC_ISA_USAGE = YES_ERROR;
				CLANG_WARN_EMPTY_BODY = YES;
				CLANG_WARN_ENUM_CONVERSION = YES;
				CLANG_WARN_INT_CONVERSION = YES;
				CLANG_WARN_OBJC_ROOT_CLASS = YES_ERROR;
				CLANG_WARN_UNREACHABLE_CODE = YES;
				CLANG_WARN__DUPLICATE_METHOD_MATCH = YES;
				"CODE_SIGN_IDENTITY[sdk=iphoneos*]" = "iPhone Developer";
				COPY_PHASE_STRIP = NO;
				DEBUG_INFORMATION_FORMAT = "dwarf-with-dsym";
				ENABLE_NS_ASSERTIONS = NO;
				ENABLE_STRICT_OBJC_MSGSEND = YES;
				GCC_C_LANGUAGE_STANDARD = gnu99;
				GCC_NO_COMMON_BLOCKS = YES;
				GCC_WARN_64_TO_32_BIT_CONVERSION = YES;
				GCC_WARN_ABOUT_RETURN_TYPE = YES_ERROR;
				GCC_WARN_UNDECLARED_SELECTOR = YES;
				GCC_WARN_UNINITIALIZED_AUTOS = YES_AGGRESSIVE;
				GCC_WARN_UNUSED_FUNCTION = YES;
				GCC_WARN_UNUSED_VARIABLE = YES;
				"HEADER_SEARCH_PATHS[arch=*]" = ../MyLib;
				IPHONEOS_DEPLOYMENT_TARGET = 9.1;
				MTL_ENABLE_DEBUG_INFO = NO;
				OTHER_LDFLAGS = "-ObjC";
				SDKROOT = iphoneos;
				VALIDATE_PRODUCT = YES;
			};
			name = Release;
		};
		C12BB5161C119EFC002BE68C /* Debug */ = {
			isa = XCBuildConfiguration;
			buildSettings = {
				OTHER_LDFLAGS = "-ObjC";
				PRODUCT_NAME = "$(TARGET_NAME)";
				SKIP_INSTALL = YES;
				VALID_ARCHS = "arm64 armv7 armv7s x86_64";
			};
			name = Debug;
		};
		C12BB5171C119EFC002BE68C /* Release */ = {
			isa = XCBuildConfiguration;
			buildSettings = {
				OTHER_LDFLAGS = "-ObjC";
				PRODUCT_NAME = "$(TARGET_NAME)";
				SKIP_INSTALL = YES;
				VALID_ARCHS = "arm64 armv7 armv7s x86_64";
			};
			name = Release;
		};
		C18B9D181C183C05000D3459 /* Debug */ = {
			isa = XCBuildConfiguration;
			buildSettings = {
				"HEADER_SEARCH_PATHS[arch=*]" = (
					../MyLib,
					../Configue,
				);
				INFOPLIST_FILE = Module1App/Info.plist;
				LD_RUNPATH_SEARCH_PATHS = "$(inherited) @executable_path/Frameworks";
				PRODUCT_BUNDLE_IDENTIFIER = com.jianqiang.baojianqiang.Module1App;
				PRODUCT_NAME = "$(TARGET_NAME)";
				TARGETED_DEVICE_FAMILY = "1,2";
			};
			name = Debug;
		};
		C18B9D191C183C05000D3459 /* Release */ = {
			isa = XCBuildConfiguration;
			buildSettings = {
				"HEADER_SEARCH_PATHS[arch=*]" = (
					../MyLib,
					../Configue,
				);
				INFOPLIST_FILE = Module1App/Info.plist;
				LD_RUNPATH_SEARCH_PATHS = "$(inherited) @executable_path/Frameworks";
				PRODUCT_BUNDLE_IDENTIFIER = com.jianqiang.baojianqiang.Module1App;
				PRODUCT_NAME = "$(TARGET_NAME)";
				TARGETED_DEVICE_FAMILY = "1,2";
			};
			name = Release;
		};
/* End XCBuildConfiguration section */

/* Begin XCConfigurationList section */
		C12BB5071C119EFC002BE68C /* Build configuration list for PBXProject "Module1" */ = {
			isa = XCConfigurationList;
			buildConfigurations = (
				C12BB5131C119EFC002BE68C /* Debug */,
				C12BB5141C119EFC002BE68C /* Release */,
			);
			defaultConfigurationIsVisible = 0;
			defaultConfigurationName = Release;
		};
		C12BB5151C119EFC002BE68C /* Build configuration list for PBXNativeTarget "Module1" */ = {
			isa = XCConfigurationList;
			buildConfigurations = (
				C12BB5161C119EFC002BE68C /* Debug */,
				C12BB5171C119EFC002BE68C /* Release */,
			);
			defaultConfigurationIsVisible = 0;
			defaultConfigurationName = Release;
		};
		C18B9D1A1C183C05000D3459 /* Build configuration list for PBXNativeTarget "Module1App" */ = {
			isa = XCConfigurationList;
			buildConfigurations = (
				C18B9D181C183C05000D3459 /* Debug */,
				C18B9D191C183C05000D3459 /* Release */,
			);
			defaultConfigurationIsVisible = 0;
			defaultConfigurationName = Release;
		};
/* End XCConfigurationList section */
	};
	rootObject = C12BB5041C119EFC002BE68C /* Project object */;
}
